
Microsoft Visual Studio Solution File, Format Version 12.00
# Visual Studio Version 17
VisualStudioVersion = 17.8.34511.84
MinimumVisualStudioVersion = 10.0.40219.1
Project("{FAE04EC0-301F-11D3-BF4B-00C04F79EFBC}") = "ConsoleApp55", "ConsoleApp55\ConsoleApp55.csproj", "{06169332-77A4-430D-ABCB-81F58D6D103C}"
EndProject
Project("{2150E333-8FDC-42A3-9474-1A3956D46DE8}") = "Элементы решения", "Элементы решения", "{1487DB04-2566-4A1D-B795-C3639AA78E85}"
EndProject
Global
	GlobalSection(SolutionConfigurationPlatforms) = preSolution
		Debug|Any CPU = Debug|Any CPU
		Release|Any CPU = Release|Any CPU
	EndGlobalSection
	GlobalSection(ProjectConfigurationPlatforms) = postSolution
		{06169332-77A4-430D-ABCB-81F58D6D103C}.Debug|Any CPU.ActiveCfg = Debug|Any CPU
		{06169332-77A4-430D-ABCB-81F58D6D103C}.Debug|Any CPU.Build.0 = Debug|Any CPU
		{06169332-77A4-430D-ABCB-81F58D6D103C}.Release|Any CPU.ActiveCfg = Release|Any CPU
		{06169332-77A4-430D-ABCB-81F58D6D103C}.Release|Any CPU.Build.0 = Release|Any CPU
	EndGlobalSection
	GlobalSection(SolutionProperties) = preSolution
		HideSolutionNode = FALSE
	EndGlobalSection
	GlobalSection(ExtensibilityGlobals) = postSolution
		SolutionGuid = {B601DBB4-51A7-4FB6-B4CC-4994B99B5E48}
	EndGlobalSection
EndGlobal
